{
    "_meta": {
        "hash": {
            "sha256": "f1c0f313d3bd533fe33a97fa61a388a6bbff48eb73873e6d5e209fefb2632526"
        },
        "pipfile-spec": 6,
        "requires": {},
        "sources": [
            {
                "name": "pypi",
                "url": "https://pypi.org/simple",
                "verify_ssl": true
            }
        ]
    },
    "default": {
        "parse": {
            "hashes": [
                "sha256:967095588cb802add9177d0c0b6133b5ba33b1ea9007ca800e526f42a85af558",
                "sha256:b41d604d16503c79d81af5165155c0b20f6c8d6c559efa66b4b695c3e5a0a0ce"
            ],
            "index": "pypi",
            "version": "==1.20.2"
        },
        "pyserial": {
            "hashes": [
                "sha256:3c77e014170dfffbd816e6ffc205e9842efb10be9f58ec16d3e8675b4925cddb",
                "sha256:c4451db6ba391ca6ca299fb3ec7bae67a5c55dde170964c7a14ceefec02f2cf0"
            ],
            "index": "pypi",
            "version": "==3.5"
        }
    },
    "develop": {}
}
